
Microsoft Visual Studio Solution File, Format Version 12.00
Project("{FAE04EC0-301F-11D3-BF4B-00C04F79EFBC}") = "SnakeMaxApp", "SnakeMaxApp\SnakeMaxApp.csproj", "{B2A8D07E-0B78-43D0-B8A6-3DD604BACACF}"
EndProject
Global
	GlobalSection(SolutionConfigurationPlatforms) = preSolution
		Debug|Any CPU = Debug|Any CPU
		Release|Any CPU = Release|Any CPU
	EndGlobalSection
	GlobalSection(ProjectConfigurationPlatforms) = postSolution
		{B2A8D07E-0B78-43D0-B8A6-3DD604BACACF}.Debug|Any CPU.ActiveCfg = Debug|Any CPU
		{B2A8D07E-0B78-43D0-B8A6-3DD604BACACF}.Debug|Any CPU.Build.0 = Debug|Any CPU
		{B2A8D07E-0B78-43D0-B8A6-3DD604BACACF}.Release|Any CPU.ActiveCfg = Release|Any CPU
		{B2A8D07E-0B78-43D0-B8A6-3DD604BACACF}.Release|Any CPU.Build.0 = Release|Any CPU
	EndGlobalSection
EndGlobal
